
Microsoft Visual Studio Solution File, Format Version 12.00
# Visual Studio Version 16
VisualStudioVersion = 25.0.1706.4
MinimumVisualStudioVersion = 10.0.40219.1
Project("{FAE04EC0-301F-11D3-BF4B-00C04F79EFBC}") = "DSwiss-Punk", "DSwiss-Punk\DSwiss-Punk.csproj", "{B541EA33-1534-4C70-9136-C9D2E73E90C9}"
EndProject
Project("{FAE04EC0-301F-11D3-BF4B-00C04F79EFBC}") = "DSwiss-Punk_Tests", "DSwiss-Punk_Tests\DSwiss-Punk_Tests.csproj", "{E429BBB4-74E7-4C1C-A7AB-3EBA32F6A648}"
EndProject
Global
	GlobalSection(SolutionConfigurationPlatforms) = preSolution
		Debug|Any CPU = Debug|Any CPU
		Release|Any CPU = Release|Any CPU
	EndGlobalSection
	GlobalSection(ProjectConfigurationPlatforms) = postSolution
		{B541EA33-1534-4C70-9136-C9D2E73E90C9}.Debug|Any CPU.ActiveCfg = Debug|Any CPU
		{B541EA33-1534-4C70-9136-C9D2E73E90C9}.Debug|Any CPU.Build.0 = Debug|Any CPU
		{B541EA33-1534-4C70-9136-C9D2E73E90C9}.Release|Any CPU.ActiveCfg = Release|Any CPU
		{B541EA33-1534-4C70-9136-C9D2E73E90C9}.Release|Any CPU.Build.0 = Release|Any CPU
		{E429BBB4-74E7-4C1C-A7AB-3EBA32F6A648}.Debug|Any CPU.ActiveCfg = Debug|Any CPU
		{E429BBB4-74E7-4C1C-A7AB-3EBA32F6A648}.Debug|Any CPU.Build.0 = Debug|Any CPU
		{E429BBB4-74E7-4C1C-A7AB-3EBA32F6A648}.Release|Any CPU.ActiveCfg = Release|Any CPU
		{E429BBB4-74E7-4C1C-A7AB-3EBA32F6A648}.Release|Any CPU.Build.0 = Release|Any CPU
	EndGlobalSection
	GlobalSection(SolutionProperties) = preSolution
		HideSolutionNode = FALSE
	EndGlobalSection
	GlobalSection(ExtensibilityGlobals) = postSolution
		SolutionGuid = {6DC865CB-0C23-406E-84A6-6D0A81BE627C}
	EndGlobalSection
EndGlobal
